
Microsoft Visual Studio Solution File, Format Version 12.00
# Visual Studio Version 17
VisualStudioVersion = 17.5.002.0
MinimumVisualStudioVersion = 10.0.40219.1
Project("{9A19103F-16F7-4668-BE54-9A1E7A4F7556}") = "CalcPi", "CalcPi\CalcPi.csproj", "{FD0ED563-13CF-4E97-BB26-EB4D7E7D7DBC}"
EndProject
Global
	GlobalSection(SolutionConfigurationPlatforms) = preSolution
		Debug|Any CPU = Debug|Any CPU
		Release|Any CPU = Release|Any CPU
	EndGlobalSection
	GlobalSection(ProjectConfigurationPlatforms) = postSolution
		{FD0ED563-13CF-4E97-BB26-EB4D7E7D7DBC}.Debug|Any CPU.ActiveCfg = Debug|Any CPU
		{FD0ED563-13CF-4E97-BB26-EB4D7E7D7DBC}.Debug|Any CPU.Build.0 = Debug|Any CPU
		{FD0ED563-13CF-4E97-BB26-EB4D7E7D7DBC}.Release|Any CPU.ActiveCfg = Release|Any CPU
		{FD0ED563-13CF-4E97-BB26-EB4D7E7D7DBC}.Release|Any CPU.Build.0 = Release|Any CPU
	EndGlobalSection
	GlobalSection(SolutionProperties) = preSolution
		HideSolutionNode = FALSE
	EndGlobalSection
	GlobalSection(ExtensibilityGlobals) = postSolution
		SolutionGuid = {0A811347-3120-4C19-8C3A-8485261B7F7E}
	EndGlobalSection
EndGlobal
